
Microsoft Visual Studio Solution File, Format Version 12.00
# Visual Studio 15
VisualStudioVersion = 15.0.28307.757
MinimumVisualStudioVersion = 10.0.40219.1
Project("{FAE04EC0-301F-11D3-BF4B-00C04F79EFBC}") = "LoginPage", "LoginPage\LoginPage.csproj", "{02AA7BA4-E1E2-4045-9A33-830069F5F216}"
EndProject
Global
	GlobalSection(SolutionConfigurationPlatforms) = preSolution
		Debug|Any CPU = Debug|Any CPU
		Release|Any CPU = Release|Any CPU
	EndGlobalSection
	GlobalSection(ProjectConfigurationPlatforms) = postSolution
		{02AA7BA4-E1E2-4045-9A33-830069F5F216}.Debug|Any CPU.ActiveCfg = Debug|Any CPU
		{02AA7BA4-E1E2-4045-9A33-830069F5F216}.Debug|Any CPU.Build.0 = Debug|Any CPU
		{02AA7BA4-E1E2-4045-9A33-830069F5F216}.Release|Any CPU.ActiveCfg = Release|Any CPU
		{02AA7BA4-E1E2-4045-9A33-830069F5F216}.Release|Any CPU.Build.0 = Release|Any CPU
	EndGlobalSection
	GlobalSection(SolutionProperties) = preSolution
		HideSolutionNode = FALSE
	EndGlobalSection
	GlobalSection(ExtensibilityGlobals) = postSolution
		SolutionGuid = {5C19C54E-3543-4039-8EFB-93C1857CB7E6}
	EndGlobalSection
EndGlobal
